// !$*UTF8*$!
{
	archiveVersion = 1;
	classes = {
	};
	objectVersion = 50;
	objects = {

/* Begin PBXBuildFile section */
		001EB76923E12999004FF08E /* TemperatureConverterViewController.swift in Sources */ = {isa = PBXBuildFile; fileRef = 001EB76823E12999004FF08E /* TemperatureConverterViewController.swift */; };
		00CC4BAB23E11453006F1E4E /* AppDelegate.swift in Sources */ = {isa = PBXBuildFile; fileRef = 00CC4BAA23E11453006F1E4E /* AppDelegate.swift */; };
		00CC4BAD23E11453006F1E4E /* SceneDelegate.swift in Sources */ = {isa = PBXBuildFile; fileRef = 00CC4BAC23E11453006F1E4E /* SceneDelegate.swift */; };
		00CC4BAF23E11453006F1E4E /* MainViewController.swift in Sources */ = {isa = PBXBuildFile; fileRef = 00CC4BAE23E11453006F1E4E /* MainViewController.swift */; };
		00CC4BB223E11453006F1E4E /* Main.storyboard in Resources */ = {isa = PBXBuildFile; fileRef = 00CC4BB023E11453006F1E4E /* Main.storyboard */; };
		00CC4BB423E11454006F1E4E /* Assets.xcassets in Resources */ = {isa = PBXBuildFile; fileRef = 00CC4BB323E11454006F1E4E /* Assets.xcassets */; };
		00CC4BB723E11454006F1E4E /* LaunchScreen.storyboard in Resources */ = {isa = PBXBuildFile; fileRef = 00CC4BB523E11454006F1E4E /* LaunchScreen.storyboard */; };
		00CC4BC223E11454006F1E4E /* iOS2020Tests.swift in Sources */ = {isa = PBXBuildFile; fileRef = 00CC4BC123E11454006F1E4E /* iOS2020Tests.swift */; };
		00CC4BCD23E11454006F1E4E /* iOS2020UITests.swift in Sources */ = {isa = PBXBuildFile; fileRef = 00CC4BCC23E11454006F1E4E /* iOS2020UITests.swift */; };
/* End PBXBuildFile section */

/* Begin PBXContainerItemProxy section */
		00CC4BBE23E11454006F1E4E /* PBXContainerItemProxy */ = {
			isa = PBXContainerItemProxy;
			containerPortal = 00CC4B9F23E11452006F1E4E /* Project object */;
			proxyType = 1;
			remoteGlobalIDString = 00CC4BA623E11453006F1E4E;
			remoteInfo = iOS2020;
		};
		00CC4BC923E11454006F1E4E /* PBXContainerItemProxy */ = {
			isa = PBXContainerItemProxy;
			containerPortal = 00CC4B9F23E11452006F1E4E /* Project object */;
			proxyType = 1;
			remoteGlobalIDString = 00CC4BA623E11453006F1E4E;
			remoteInfo = iOS2020;
		};
/* End PBXContainerItemProxy section */

/* Begin PBXFileReference section */
		001EB76823E12999004FF08E /* TemperatureConverterViewController.swift */ = {isa = PBXFileReference; lastKnownFileType = sourcecode.swift; path = TemperatureConverterViewController.swift; sourceTree = "<group>"; };
		00CC4BA723E11453006F1E4E /* iOS2020.app */ = {isa = PBXFileReference; explicitFileType = wrapper.application; includeInIndex = 0; path = iOS2020.app; sourceTree = BUILT_PRODUCTS_DIR; };
		00CC4BAA23E11453006F1E4E /* AppDelegate.swift */ = {isa = PBXFileReference; lastKnownFileType = sourcecode.swift; path = AppDelegate.swift; sourceTree = "<group>"; };
		00CC4BAC23E11453006F1E4E /* SceneDelegate.swift */ = {isa = PBXFileReference; lastKnownFileType = sourcecode.swift; path = SceneDelegate.swift; sourceTree = "<group>"; };
		00CC4BAE23E11453006F1E4E /* MainViewController.swift */ = {isa = PBXFileReference; lastKnownFileType = sourcecode.swift; path = MainViewController.swift; sourceTree = "<group>"; };
		00CC4BB123E11453006F1E4E /* Base */ = {isa = PBXFileReference; lastKnownFileType = file.storyboard; name = Base; path = Base.lproj/Main.storyboard; sourceTree = "<group>"; };
		00CC4BB323E11454006F1E4E /* Assets.xcassets */ = {isa = PBXFileReference; lastKnownFileType = folder.assetcatalog; path = Assets.xcassets; sourceTree = "<group>"; };
		00CC4BB623E11454006F1E4E /* Base */ = {isa = PBXFileReference; lastKnownFileType = file.storyboard; name = Base; path = Base.lproj/LaunchScreen.storyboard; sourceTree = "<group>"; };
		00CC4BB823E11454006F1E4E /* Info.plist */ = {isa = PBXFileReference; lastKnownFileType = text.plist.xml; path = Info.plist; sourceTree = "<group>"; };
		00CC4BBD23E11454006F1E4E /* iOS2020Tests.xctest */ = {isa = PBXFileReference; explicitFileType = wrapper.cfbundle; includeInIndex = 0; path = iOS2020Tests.xctest; sourceTree = BUILT_PRODUCTS_DIR; };
		00CC4BC123E11454006F1E4E /* iOS2020Tests.swift */ = {isa = PBXFileReference; lastKnownFileType = sourcecode.swift; path = iOS2020Tests.swift; sourceTree = "<group>"; };
		00CC4BC323E11454006F1E4E /* Info.plist */ = {isa = PBXFileReference; lastKnownFileType = text.plist.xml; path = Info.plist; sourceTree = "<group>"; };
		00CC4BC823E11454006F1E4E /* iOS2020UITests.xctest */ = {isa = PBXFileReference; explicitFileType = wrapper.cfbundle; includeInIndex = 0; path = iOS2020UITests.xctest; sourceTree = BUILT_PRODUCTS_DIR; };
		00CC4BCC23E11454006F1E4E /* iOS2020UITests.swift */ = {isa = PBXFileReference; lastKnownFileType = sourcecode.swift; path = iOS2020UITests.swift; sourceTree = "<group>"; };
		00CC4BCE23E11454006F1E4E /* Info.plist */ = {isa = PBXFileReference; lastKnownFileType = text.plist.xml; path = Info.plist; sourceTree = "<group>"; };
/* End PBXFileReference section */

/* Begin PBXFrameworksBuildPhase section */
		00CC4BA423E11453006F1E4E /* Frameworks */ = {
			isa = PBXFrameworksBuildPhase;
			buildActionMask = 2147483647;
			files = (
			);
			runOnlyForDeploymentPostprocessing = 0;
		};
		00CC4BBA23E11454006F1E4E /* Frameworks */ = {
			isa = PBXFrameworksBuildPhase;
			buildActionMask = 2147483647;
			files = (
			);
			runOnlyForDeploymentPostprocessing = 0;
		};
		00CC4BC523E11454006F1E4E /* Frameworks */ = {
			isa = PBXFrameworksBuildPhase;
			buildActionMask = 2147483647;
			files = (
			);
			runOnlyForDeploymentPostprocessing = 0;
		};
/* End PBXFrameworksBuildPhase section */

/* Begin PBXGroup section */
		00CC4B9E23E11452006F1E4E = {
			isa = PBXGroup;
			children = (
				00CC4BA923E11453006F1E4E /* iOS2020 */,
				00CC4BC023E11454006F1E4E /* iOS2020Tests */,
				00CC4BCB23E11454006F1E4E /* iOS2020UITests */,
				00CC4BA823E11453006F1E4E /* Products */,
			);
			sourceTree = "<group>";
		};
		00CC4BA823E11453006F1E4E /* Products */ = {
			isa = PBXGroup;
			children = (
				00CC4BA723E11453006F1E4E /* iOS2020.app */,
				00CC4BBD23E11454006F1E4E /* iOS2020Tests.xctest */,
				00CC4BC823E11454006F1E4E /* iOS2020UITests.xctest */,
			);
			name = Products;
			sourceTree = "<group>";
		};
		00CC4BA923E11453006F1E4E /* iOS2020 */ = {
			isa = PBXGroup;
			children = (
				00CC4BAA23E11453006F1E4E /* AppDelegate.swift */,
				00CC4BAC23E11453006F1E4E /* SceneDelegate.swift */,
				00CC4BAE23E11453006F1E4E /* MainViewController.swift */,
				00CC4BB023E11453006F1E4E /* Main.storyboard */,
				00CC4BB323E11454006F1E4E /* Assets.xcassets */,
				00CC4BB523E11454006F1E4E /* LaunchScreen.storyboard */,
				00CC4BB823E11454006F1E4E /* Info.plist */,
				001EB76823E12999004FF08E /* TemperatureConverterViewController.swift */,
			);
			path = iOS2020;
			sourceTree = "<group>";
		};
		00CC4BC023E11454006F1E4E /* iOS2020Tests */ = {
			isa = PBXGroup;
			children = (
				00CC4BC123E11454006F1E4E /* iOS2020Tests.swift */,
				00CC4BC323E11454006F1E4E /* Info.plist */,
			);
			path = iOS2020Tests;
			sourceTree = "<group>";
		};
		00CC4BCB23E11454006F1E4E /* iOS2020UITests */ = {
			isa = PBXGroup;
			children = (
				00CC4BCC23E11454006F1E4E /* iOS2020UITests.swift */,
				00CC4BCE23E11454006F1E4E /* Info.plist */,
			);
			path = iOS2020UITests;
			sourceTree = "<group>";
		};
/* End PBXGroup section */

/* Begin PBXNativeTarget section */
		00CC4BA623E11453006F1E4E /* iOS2020 */ = {
			isa = PBXNativeTarget;
			buildConfigurationList = 00CC4BD123E11454006F1E4E /* Build configuration list for PBXNativeTarget "iOS2020" */;
			buildPhases = (
				00CC4BA323E11453006F1E4E /* Sources */,
				00CC4BA423E11453006F1E4E /* Frameworks */,
				00CC4BA523E11453006F1E4E /* Resources */,
			);
			buildRules = (
			);
			dependencies = (
			);
			name = iOS2020;
			productName = iOS2020;
			productReference = 00CC4BA723E11453006F1E4E /* iOS2020.app */;
			productType = "com.apple.product-type.application";
		};
		00CC4BBC23E11454006F1E4E /* iOS2020Tests */ = {
			isa = PBXNativeTarget;
			buildConfigurationList = 00CC4BD423E11454006F1E4E /* Build configuration list for PBXNativeTarget "iOS2020Tests" */;
			buildPhases = (
				00CC4BB923E11454006F1E4E /* Sources */,
				00CC4BBA23E11454006F1E4E /* Frameworks */,
				00CC4BBB23E11454006F1E4E /* Resources */,
			);
			buildRules = (
			);
			dependencies = (
				00CC4BBF23E11454006F1E4E /* PBXTargetDependency */,
			);
			name = iOS2020Tests;
			productName = iOS2020Tests;
			productReference = 00CC4BBD23E11454006F1E4E /* iOS2020Tests.xctest */;
			productType = "com.apple.product-type.bundle.unit-test";
		};
		00CC4BC723E11454006F1E4E /* iOS2020UITests */ = {
			isa = PBXNativeTarget;
			buildConfigurationList = 00CC4BD723E11454006F1E4E /* Build configuration list for PBXNativeTarget "iOS2020UITests" */;
			buildPhases = (
				00CC4BC423E11454006F1E4E /* Sources */,
				00CC4BC523E11454006F1E4E /* Frameworks */,
				00CC4BC623E11454006F1E4E /* Resources */,
			);
			buildRules = (
			);
			dependencies = (
				00CC4BCA23E11454006F1E4E /* PBXTargetDependency */,
			);
			name = iOS2020UITests;
			productName = iOS2020UITests;
			productReference = 00CC4BC823E11454006F1E4E /* iOS2020UITests.xctest */;
			productType = "com.apple.product-type.bundle.ui-testing";
		};
/* End PBXNativeTarget section */

/* Begin PBXProject section */
		00CC4B9F23E11452006F1E4E /* Project object */ = {
			isa = PBXProject;
			attributes = {
				LastSwiftUpdateCheck = 1130;
				LastUpgradeCheck = 1130;
				ORGANIZATIONNAME = "Daniel Aguilera";
				TargetAttributes = {
					00CC4BA623E11453006F1E4E = {
						CreatedOnToolsVersion = 11.3.1;
					};
					00CC4BBC23E11454006F1E4E = {
						CreatedOnToolsVersion = 11.3.1;
						TestTargetID = 00CC4BA623E11453006F1E4E;
					};
					00CC4BC723E11454006F1E4E = {
						CreatedOnToolsVersion = 11.3.1;
						TestTargetID = 00CC4BA623E11453006F1E4E;
					};
				};
			};
			buildConfigurationList = 00CC4BA223E11452006F1E4E /* Build configuration list for PBXProject "iOS2020" */;
			compatibilityVersion = "Xcode 9.3";
			developmentRegion = en;
			hasScannedForEncodings = 0;
			knownRegions = (
				en,
				Base,
			);
			mainGroup = 00CC4B9E23E11452006F1E4E;
			productRefGroup = 00CC4BA823E11453006F1E4E /* Products */;
			projectDirPath = "";
			projectRoot = "";
			targets = (
				00CC4BA623E11453006F1E4E /* iOS2020 */,
				00CC4BBC23E11454006F1E4E /* iOS2020Tests */,
				00CC4BC723E11454006F1E4E /* iOS2020UITests */,
			);
		};
/* End PBXProject section */

/* Begin PBXResourcesBuildPhase section */
		00CC4BA523E11453006F1E4E /* Resources */ = {
			isa = PBXResourcesBuildPhase;
			buildActionMask = 2147483647;
			files = (
				00CC4BB723E11454006F1E4E /* LaunchScreen.storyboard in Resources */,
				00CC4BB423E11454006F1E4E /* Assets.xcassets in Resources */,
				00CC4BB223E11453006F1E4E /* Main.storyboard in Resources */,
			);
			runOnlyForDeploymentPostprocessing = 0;
		};
		00CC4BBB23E11454006F1E4E /* Resources */ = {
			isa = PBXResourcesBuildPhase;
			buildActionMask = 2147483647;
			files = (
			);
			runOnlyForDeploymentPostprocessing = 0;
		};
		00CC4BC623E11454006F1E4E /* Resources */ = {
			isa = PBXResourcesBuildPhase;
			buildActionMask = 2147483647;
			files = (
			);
			runOnlyForDeploymentPostprocessing = 0;
		};
/* End PBXResourcesBuildPhase section */

/* Begin PBXSourcesBuildPhase section */
		00CC4BA323E11453006F1E4E /* Sources */ = {
			isa = PBXSourcesBuildPhase;
			buildActionMask = 2147483647;
			files = (
				00CC4BAF23E11453006F1E4E /* MainViewController.swift in Sources */,
				00CC4BAB23E11453006F1E4E /* AppDelegate.swift in Sources */,
				001EB76923E12999004FF08E /* TemperatureConverterViewController.swift in Sources */,
				00CC4BAD23E11453006F1E4E /* SceneDelegate.swift in Sources */,
			);
			runOnlyForDeploymentPostprocessing = 0;
		};
		00CC4BB923E11454006F1E4E /* Sources */ = {
			isa = PBXSourcesBuildPhase;
			buildActionMask = 2147483647;
			files = (
				00CC4BC223E11454006F1E4E /* iOS2020Tests.swift in Sources */,
			);
			runOnlyForDeploymentPostprocessing = 0;
		};
		00CC4BC423E11454006F1E4E /* Sources */ = {
			isa = PBXSourcesBuildPhase;
			buildActionMask = 2147483647;
			files = (
				00CC4BCD23E11454006F1E4E /* iOS2020UITests.swift in Sources */,
			);
			runOnlyForDeploymentPostprocessing = 0;
		};
/* End PBXSourcesBuildPhase section */

/* Begin PBXTargetDependency section */
		00CC4BBF23E11454006F1E4E /* PBXTargetDependency */ = {
			isa = PBXTargetDependency;
			target = 00CC4BA623E11453006F1E4E /* iOS2020 */;
			targetProxy = 00CC4BBE23E11454006F1E4E /* PBXContainerItemProxy */;
		};
		00CC4BCA23E11454006F1E4E /* PBXTargetDependency */ = {
			isa = PBXTargetDependency;
			target = 00CC4BA623E11453006F1E4E /* iOS2020 */;
			targetProxy = 00CC4BC923E11454006F1E4E /* PBXContainerItemProxy */;
		};
/* End PBXTargetDependency section */

/* Begin PBXVariantGroup section */
		00CC4BB023E11453006F1E4E /* Main.storyboard */ = {
			isa = PBXVariantGroup;
			children = (
				00CC4BB123E11453006F1E4E /* Base */,
			);
			name = Main.storyboard;
			sourceTree = "<group>";
		};
		00CC4BB523E11454006F1E4E /* LaunchScreen.storyboard */ = {
			isa = PBXVariantGroup;
			children = (
				00CC4BB623E11454006F1E4E /* Base */,
			);
			name = LaunchScreen.storyboard;
			sourceTree = "<group>";
		};
/* End PBXVariantGroup section */

/* Begin XCBuildConfiguration section */
		00CC4BCF23E11454006F1E4E /* Debug */ = {
			isa = XCBuildConfiguration;
			buildSettings = {
				ALWAYS_SEARCH_USER_PATHS = NO;
				CLANG_ANALYZER_NONNULL = YES;
				CLANG_ANALYZER_NUMBER_OBJECT_CONVERSION = YES_AGGRESSIVE;
				CLANG_CXX_LANGUAGE_STANDARD = "gnu++14";
				CLANG_CXX_LIBRARY = "libc++";
				CLANG_ENABLE_MODULES = YES;
				CLANG_ENABLE_OBJC_ARC = YES;
				CLANG_ENABLE_OBJC_WEAK = YES;
				CLANG_WARN_BLOCK_CAPTURE_AUTORELEASING = YES;
				CLANG_WARN_BOOL_CONVERSION = YES;
				CLANG_WARN_COMMA = YES;
				CLANG_WARN_CONSTANT_CONVERSION = YES;
				CLANG_WARN_DEPRECATED_OBJC_IMPLEMENTATIONS = YES;
				CLANG_WARN_DIRECT_OBJC_ISA_USAGE = YES_ERROR;
				CLANG_WARN_DOCUMENTATION_COMMENTS = YES;
				CLANG_WARN_EMPTY_BODY = YES;
				CLANG_WARN_ENUM_CONVERSION = YES;
				CLANG_WARN_INFINITE_RECURSION = YES;
				CLANG_WARN_INT_CONVERSION = YES;
				CLANG_WARN_NON_LITERAL_NULL_CONVERSION = YES;
				CLANG_WARN_OBJC_IMPLICIT_RETAIN_SELF = YES;
				CLANG_WARN_OBJC_LITERAL_CONVERSION = YES;
				CLANG_WARN_OBJC_ROOT_CLASS = YES_ERROR;
				CLANG_WARN_RANGE_LOOP_ANALYSIS = YES;
				CLANG_WARN_STRICT_PROTOTYPES = YES;
				CLANG_WARN_SUSPICIOUS_MOVE = YES;
				CLANG_WARN_UNGUARDED_AVAILABILITY = YES_AGGRESSIVE;
				CLANG_WARN_UNREACHABLE_CODE = YES;
				CLANG_WARN__DUPLICATE_METHOD_MATCH = YES;
				COPY_PHASE_STRIP = NO;
				DEBUG_INFORMATION_FORMAT = dwarf;
				ENABLE_STRICT_OBJC_MSGSEND = YES;
				ENABLE_TESTABILITY = YES;
				GCC_C_LANGUAGE_STANDARD = gnu11;
				GCC_DYNAMIC_NO_PIC = NO;
				GCC_NO_COMMON_BLOCKS = YES;
				GCC_OPTIMIZATION_LEVEL = 0;
				GCC_PREPROCESSOR_DEFINITIONS = (
					"DEBUG=1",
					"$(inherited)",
				);
				GCC_WARN_64_TO_32_BIT_CONVERSION = YES;
				GCC_WARN_ABOUT_RETURN_TYPE = YES_ERROR;
				GCC_WARN_UNDECLARED_SELECTOR = YES;
				GCC_WARN_UNINITIALIZED_AUTOS = YES_AGGRESSIVE;
				GCC_WARN_UNUSED_FUNCTION = YES;
				GCC_WARN_UNUSED_VARIABLE = YES;
				IPHONEOS_DEPLOYMENT_TARGET = 13.2;
				MTL_ENABLE_DEBUG_INFO = INCLUDE_SOURCE;
				MTL_FAST_MATH = YES;
				ONLY_ACTIVE_ARCH = YES;
				SDKROOT = iphoneos;
				SWIFT_ACTIVE_COMPILATION_CONDITIONS = DEBUG;
				SWIFT_OPTIMIZATION_LEVEL = "-Onone";
			};
			name = Debug;
		};
		00CC4BD023E11454006F1E4E /* Release */ = {
			isa = XCBuildConfiguration;
			buildSettings = {
				ALWAYS_SEARCH_USER_PATHS = NO;
				CLANG_ANALYZER_NONNULL = YES;
				CLANG_ANALYZER_NUMBER_OBJECT_CONVERSION = YES_AGGRESSIVE;
				CLANG_CXX_LANGUAGE_STANDARD = "gnu++14";
				CLANG_CXX_LIBRARY = "libc++";
				CLANG_ENABLE_MODULES = YES;
				CLANG_ENABLE_OBJC_ARC = YES;
				CLANG_ENABLE_OBJC_WEAK = YES;
				CLANG_WARN_BLOCK_CAPTURE_AUTORELEASING = YES;
				CLANG_WARN_BOOL_CONVERSION = YES;
				CLANG_WARN_COMMA = YES;
				CLANG_WARN_CONSTANT_CONVERSION = YES;
				CLANG_WARN_DEPRECATED_OBJC_IMPLEMENTATIONS = YES;
				CLANG_WARN_DIRECT_OBJC_ISA_USAGE = YES_ERROR;
				CLANG_WARN_DOCUMENTATION_COMMENTS = YES;
				CLANG_WARN_EMPTY_BODY = YES;
				CLANG_WARN_ENUM_CONVERSION = YES;
				CLANG_WARN_INFINITE_RECURSION = YES;
				CLANG_WARN_INT_CONVERSION = YES;
				CLANG_WARN_NON_LITERAL_NULL_CONVERSION = YES;
				CLANG_WARN_OBJC_IMPLICIT_RETAIN_SELF = YES;
				CLANG_WARN_OBJC_LITERAL_CONVERSION = YES;
				CLANG_WARN_OBJC_ROOT_CLASS = YES_ERROR;
				CLANG_WARN_RANGE_LOOP_ANALYSIS = YES;
				CLANG_WARN_STRICT_PROTOTYPES = YES;
				CLANG_WARN_SUSPICIOUS_MOVE = YES;
				CLANG_WARN_UNGUARDED_AVAILABILITY = YES_AGGRESSIVE;
				CLANG_WARN_UNREACHABLE_CODE = YES;
				CLANG_WARN__DUPLICATE_METHOD_MATCH = YES;
				COPY_PHASE_STRIP = NO;
				DEBUG_INFORMATION_FORMAT = "dwarf-with-dsym";
				ENABLE_NS_ASSERTIONS = NO;
				ENABLE_STRICT_OBJC_MSGSEND = YES;
				GCC_C_LANGUAGE_STANDARD = gnu11;
				GCC_NO_COMMON_BLOCKS = YES;
				GCC_WARN_64_TO_32_BIT_CONVERSION = YES;
				GCC_WARN_ABOUT_RETURN_TYPE = YES_ERROR;
				GCC_WARN_UNDECLARED_SELECTOR = YES;
				GCC_WARN_UNINITIALIZED_AUTOS = YES_AGGRESSIVE;
				GCC_WARN_UNUSED_FUNCTION = YES;
				GCC_WARN_UNUSED_VARIABLE = YES;
				IPHONEOS_DEPLOYMENT_TARGET = 13.2;
				MTL_ENABLE_DEBUG_INFO = NO;
				MTL_FAST_MATH = YES;
				SDKROOT = iphoneos;
				SWIFT_COMPILATION_MODE = wholemodule;
				SWIFT_OPTIMIZATION_LEVEL = "-O";
				VALIDATE_PRODUCT = YES;
			};
			name = Release;
		};
		00CC4BD223E11454006F1E4E /* Debug */ = {
			isa = XCBuildConfiguration;
			buildSettings = {
				ASSETCATALOG_COMPILER_APPICON_NAME = AppIcon;
				CODE_SIGN_STYLE = Automatic;
				INFOPLIST_FILE = iOS2020/Info.plist;
				LD_RUNPATH_SEARCH_PATHS = (
					"$(inherited)",
					"@executable_path/Frameworks",
				);
				PRODUCT_BUNDLE_IDENTIFIER = "Daniel-Aguilera.iOS2020";
				PRODUCT_NAME = "$(TARGET_NAME)";
				SWIFT_VERSION = 5.0;
				TARGETED_DEVICE_FAMILY = "1,2";
			};
			name = Debug;
		};
		00CC4BD323E11454006F1E4E /* Release */ = {
			isa = XCBuildConfiguration;
			buildSettings = {
				ASSETCATALOG_COMPILER_APPICON_NAME = AppIcon;
				CODE_SIGN_STYLE = Automatic;
				INFOPLIST_FILE = iOS2020/Info.plist;
				LD_RUNPATH_SEARCH_PATHS = (
					"$(inherited)",
					"@executable_path/Frameworks",
				);
				PRODUCT_BUNDLE_IDENTIFIER = "Daniel-Aguilera.iOS2020";
				PRODUCT_NAME = "$(TARGET_NAME)";
				SWIFT_VERSION = 5.0;
				TARGETED_DEVICE_FAMILY = "1,2";
			};
			name = Release;
		};
		00CC4BD523E11454006F1E4E /* Debug */ = {
			isa = XCBuildConfiguration;
			buildSettings = {
				ALWAYS_EMBED_SWIFT_STANDARD_LIBRARIES = YES;
				BUNDLE_LOADER = "$(TEST_HOST)";
				CODE_SIGN_STYLE = Automatic;
				INFOPLIST_FILE = iOS2020Tests/Info.plist;
				IPHONEOS_DEPLOYMENT_TARGET = 13.2;
				LD_RUNPATH_SEARCH_PATHS = (
					"$(inherited)",
					"@executable_path/Frameworks",
					"@loader_path/Frameworks",
				);
				PRODUCT_BUNDLE_IDENTIFIER = "Daniel-Aguilera.iOS2020Tests";
				PRODUCT_NAME = "$(TARGET_NAME)";
				SWIFT_VERSION = 5.0;
				TARGETED_DEVICE_FAMILY = "1,2";
				TEST_HOST = "$(BUILT_PRODUCTS_DIR)/iOS2020.app/iOS2020";
			};
			name = Debug;
		};
		00CC4BD623E11454006F1E4E /* Release */ = {
			isa = XCBuildConfiguration;
			buildSettings = {
				ALWAYS_EMBED_SWIFT_STANDARD_LIBRARIES = YES;
				BUNDLE_LOADER = "$(TEST_HOST)";
				CODE_SIGN_STYLE = Automatic;
				INFOPLIST_FILE = iOS2020Tests/Info.plist;
				IPHONEOS_DEPLOYMENT_TARGET = 13.2;
				LD_RUNPATH_SEARCH_PATHS = (
					"$(inherited)",
					"@executable_path/Frameworks",
					"@loader_path/Frameworks",
				);
				PRODUCT_BUNDLE_IDENTIFIER = "Daniel-Aguilera.iOS2020Tests";
				PRODUCT_NAME = "$(TARGET_NAME)";
				SWIFT_VERSION = 5.0;
				TARGETED_DEVICE_FAMILY = "1,2";
				TEST_HOST = "$(BUILT_PRODUCTS_DIR)/iOS2020.app/iOS2020";
			};
			name = Release;
		};
		00CC4BD823E11454006F1E4E /* Debug */ = {
			isa = XCBuildConfiguration;
			buildSettings = {
				ALWAYS_EMBED_SWIFT_STANDARD_LIBRARIES = YES;
				CODE_SIGN_STYLE = Automatic;
				INFOPLIST_FILE = iOS2020UITests/Info.plist;
				LD_RUNPATH_SEARCH_PATHS = (
					"$(inherited)",
					"@executable_path/Frameworks",
					"@loader_path/Frameworks",
				);
				PRODUCT_BUNDLE_IDENTIFIER = "Daniel-Aguilera.iOS2020UITests";
				PRODUCT_NAME = "$(TARGET_NAME)";
				SWIFT_VERSION = 5.0;
				TARGETED_DEVICE_FAMILY = "1,2";
				TEST_TARGET_NAME = iOS2020;
			};
			name = Debug;
		};
		00CC4BD923E11454006F1E4E /* Release */ = {
			isa = XCBuildConfiguration;
			buildSettings = {
				ALWAYS_EMBED_SWIFT_STANDARD_LIBRARIES = YES;
				CODE_SIGN_STYLE = Automatic;
				INFOPLIST_FILE = iOS2020UITests/Info.plist;
				LD_RUNPATH_SEARCH_PATHS = (
					"$(inherited)",
					"@executable_path/Frameworks",
					"@loader_path/Frameworks",
				);
				PRODUCT_BUNDLE_IDENTIFIER = "Daniel-Aguilera.iOS2020UITests";
				PRODUCT_NAME = "$(TARGET_NAME)";
				SWIFT_VERSION = 5.0;
				TARGETED_DEVICE_FAMILY = "1,2";
				TEST_TARGET_NAME = iOS2020;
			};
			name = Release;
		};
/* End XCBuildConfiguration section */

/* Begin XCConfigurationList section */
		00CC4BA223E11452006F1E4E /* Build configuration list for PBXProject "iOS2020" */ = {
			isa = XCConfigurationList;
			buildConfigurations = (
				00CC4BCF23E11454006F1E4E /* Debug */,
				00CC4BD023E11454006F1E4E /* Release */,
			);
			defaultConfigurationIsVisible = 0;
			defaultConfigurationName = Release;
		};
		00CC4BD123E11454006F1E4E /* Build configuration list for PBXNativeTarget "iOS2020" */ = {
			isa = XCConfigurationList;
			buildConfigurations = (
				00CC4BD223E11454006F1E4E /* Debug */,
				00CC4BD323E11454006F1E4E /* Release */,
			);
			defaultConfigurationIsVisible = 0;
			defaultConfigurationName = Release;
		};
		00CC4BD423E11454006F1E4E /* Build configuration list for PBXNativeTarget "iOS2020Tests" */ = {
			isa = XCConfigurationList;
			buildConfigurations = (
				00CC4BD523E11454006F1E4E /* Debug */,
				00CC4BD623E11454006F1E4E /* Release */,
			);
			defaultConfigurationIsVisible = 0;
			defaultConfigurationName = Release;
		};
		00CC4BD723E11454006F1E4E /* Build configuration list for PBXNativeTarget "iOS2020UITests" */ = {
			isa = XCConfigurationList;
			buildConfigurations = (
				00CC4BD823E11454006F1E4E /* Debug */,
				00CC4BD923E11454006F1E4E /* Release */,
			);
			defaultConfigurationIsVisible = 0;
			defaultConfigurationName = Release;
		};
/* End XCConfigurationList section */
	};
	rootObject = 00CC4B9F23E11452006F1E4E /* Project object */;
}
